# Generated by pub
# See https://www.dartlang.org/tools/pub/glossary#lockfile
packages:
  async:
    dependency: transitive
    description:
      name: async
      url: "https://pub.dartlang.org"
    source: hosted
    version: "2.0.6"
  charcode:
    dependency: transitive
    description:
      name: charcode
      url: "https://pub.dartlang.org"
    source: hosted
    version: "1.1.1"
  collection:
    dependency: transitive
    description:
      name: collection
      url: "https://pub.dartlang.org"
    source: hosted
    version: "1.14.6"
  flutter:
    dependency: "direct main"
    description: flutter
    source: sdk
    version: "0.0.0"
  google_maps_webservice:
    dependency: "direct main"
    description:
      name: google_maps_webservice
      url: "https://pub.dartlang.org"
    source: hosted
    version: "0.0.3"
  http:
    dependency: transitive
    description:
      name: http
      url: "https://pub.dartlang.org"
    source: hosted
    version: "0.11.3+16"
  http_parser:
    dependency: transitive
    description:
      name: http_parser
      url: "https://pub.dartlang.org"
    source: hosted
    version: "3.1.1"
  location:
    dependency: "direct main"
    description:
      name: location
      url: "https://pub.dartlang.org"
    source: hosted
    version: "1.1.7"
  map_view:
    dependency: "direct main"
    description:
      path: "plugins/map_view-0.0.10"
      relative: true
    source: path
    version: "0.0.10"
  matcher:
    dependency: "direct main"
    description:
      path: "plugins/matcher-0.12.1+4"
      relative: true
    source: path
    version: "0.12.1+4"
  meta:
    dependency: transitive
    description:
      name: meta
      url: "https://pub.dartlang.org"
    source: hosted
    version: "1.1.2"
  path:
    dependency: transitive
    description:
      name: path
      url: "https://pub.dartlang.org"
    source: hosted
    version: "1.5.1"
  quiver:
    dependency: "direct main"
    description:
      path: "plugins/quiver-0.28.0"
      relative: true
    source: path
    version: "0.28.0"
  sky_engine:
    dependency: transitive
    description: flutter
    source: sdk
    version: "0.0.99"
  source_span:
    dependency: transitive
    description:
      name: source_span
      url: "https://pub.dartlang.org"
    source: hosted
    version: "1.4.0"
  stack_trace:
    dependency: transitive
    description:
      name: stack_trace
      url: "https://pub.dartlang.org"
    source: hosted
    version: "1.9.2"
  string_scanner:
    dependency: transitive
    description:
      name: string_scanner
      url: "https://pub.dartlang.org"
    source: hosted
    version: "1.0.2"
  typed_data:
    dependency: transitive
    description:
      name: typed_data
      url: "https://pub.dartlang.org"
    source: hosted
    version: "1.1.5"
  uri:
    dependency: "direct main"
    description:
      path: "plugins/uri-0.11.1"
      relative: true
    source: path
    version: "0.11.1"
  utf:
    dependency: transitive
    description:
      name: utf
      url: "https://pub.dartlang.org"
    source: hosted
    version: "0.9.0+4"
  vector_math:
    dependency: transitive
    description:
      name: vector_math
      url: "https://pub.dartlang.org"
    source: hosted
    version: "2.0.5"
sdks:
  dart: ">=2.0.0-dev.23.0 <=2.0.0-edge.0d5cf900b021bf5c9fa593ffa12b15bcd1cc5fe0"
